
Microsoft Visual Studio Solution File, Format Version 12.00
# Visual Studio Version 16
VisualStudioVersion = 16.0.29521.150
MinimumVisualStudioVersion = 10.0.40219.1
Project("{FAE04EC0-301F-11D3-BF4B-00C04F79EFBC}") = "ServiceBehavior", "ServiceBehavior\ServiceBehavior.csproj", "{86C4A05D-342A-46E7-8D33-26211AEF52AE}"
EndProject
Project("{FAE04EC0-301F-11D3-BF4B-00C04F79EFBC}") = "ServiceBehavior.Abstractions", "ServiceBehavior.Abstractions\ServiceBehavior.Abstractions.csproj", "{7E7B0093-CD01-40B2-831F-8A965966D4F5}"
EndProject
Global
	GlobalSection(SolutionConfigurationPlatforms) = preSolution
		Debug|Any CPU = Debug|Any CPU
		Release|Any CPU = Release|Any CPU
	EndGlobalSection
	GlobalSection(ProjectConfigurationPlatforms) = postSolution
		{86C4A05D-342A-46E7-8D33-26211AEF52AE}.Debug|Any CPU.ActiveCfg = Debug|Any CPU
		{86C4A05D-342A-46E7-8D33-26211AEF52AE}.Debug|Any CPU.Build.0 = Debug|Any CPU
		{86C4A05D-342A-46E7-8D33-26211AEF52AE}.Release|Any CPU.ActiveCfg = Release|Any CPU
		{86C4A05D-342A-46E7-8D33-26211AEF52AE}.Release|Any CPU.Build.0 = Release|Any CPU
		{7E7B0093-CD01-40B2-831F-8A965966D4F5}.Debug|Any CPU.ActiveCfg = Debug|Any CPU
		{7E7B0093-CD01-40B2-831F-8A965966D4F5}.Debug|Any CPU.Build.0 = Debug|Any CPU
		{7E7B0093-CD01-40B2-831F-8A965966D4F5}.Release|Any CPU.ActiveCfg = Release|Any CPU
		{7E7B0093-CD01-40B2-831F-8A965966D4F5}.Release|Any CPU.Build.0 = Release|Any CPU
	EndGlobalSection
	GlobalSection(SolutionProperties) = preSolution
		HideSolutionNode = FALSE
	EndGlobalSection
	GlobalSection(ExtensibilityGlobals) = postSolution
		SolutionGuid = {0984701C-7B77-4742-A26F-CF81C96F5A63}
	EndGlobalSection
EndGlobal
